<?xml version="1.0" encoding="utf-8"?>
<Project ToolsVersion="4.0" xmlns="http://schemas.microsoft.com/developer/msbuild/2003">
  <ItemGroup>
    <ClCompile Include="config\cryptconfig.cpp" />
    <ClCompile Include="context\cryptcontext.cpp" />
    <ClCompile Include="context\FsInfo.cpp" />
    <ClCompile Include="crypt\aes-siv\aes256-cmac.cpp" />
    <ClCompile Include="crypt\aes-siv\aes256-common.cpp" />
    <ClCompile Include="crypt\aes-siv\aes256-ctr.cpp" />
    <ClCompile Include="crypt\aes-siv\aes256-siv.cpp" />
    <ClCompile Include="crypt\aes.cpp" />
    <ClCompile Include="crypt\crypt.cpp" />
    <ClCompile Include="crypt\eme.cpp" />
    <ClCompile Include="crypt\randombytes.cpp" />
    <ClCompile Include="crypt\siv.cpp" />
    <ClCompile Include="filename\casecache.cpp" />
    <ClCompile Include="filename\cryptfilename.cpp" />
    <ClCompile Include="filename\dirivcache.cpp" />
    <ClCompile Include="filename\longfilenamecache.cpp" />
    <ClCompile Include="file\cryptfile.cpp" />
    <ClCompile Include="file\cryptio.cpp" />
    <ClCompile Include="file\iobufferpool.cpp" />
    <ClCompile Include="file\openfiles.cpp" />
    <ClCompile Include="util\fileutil.cpp" />
    <ClCompile Include="stdafx.cpp" />
    <ClCompile Include="util\getopt.c" />
    <ClCompile Include="util\pad16.cpp" />
    <ClCompile Include="util\util.cpp" />
    <ClCompile Include="util\KeybufManager.cpp" />
    <ClCompile Include="util\KeyCache.cpp" />
  </ItemGroup>
  <ItemGroup>
    <ClInclude Include="config\cryptconfig.h" />
    <ClInclude Include="context\cryptcontext.h" />
    <ClInclude Include="context\FsInfo.h" />
    <ClInclude Include="crypt\aes-siv\aes256-cmac.h" />
    <ClInclude Include="crypt\aes-siv\aes256-common.h" />
    <ClInclude Include="crypt\aes-siv\aes256-ctr.h" />
    <ClInclude Include="crypt\aes-siv\aes256-siv.h" />
    <ClInclude Include="crypt\aes.h" />
    <ClInclude Include="crypt\crypt.h" />
    <ClInclude Include="crypt\cryptdefs.h" />
    <ClInclude Include="crypt\eme.h" />
    <ClInclude Include="crypt\randombytes.h" />
    <ClInclude Include="crypt\siv.h" />
    <ClInclude Include="filename\casecache.h" />
    <ClInclude Include="filename\cryptfilename.h" />
    <ClInclude Include="filename\dirivcache.h" />
    <ClInclude Include="filename\longfilenamecache.h" />
    <ClInclude Include="file\cryptfile.h" />
    <ClInclude Include="file\cryptio.h" />
    <ClInclude Include="file\iobufferpool.h" />
    <ClInclude Include="file\openfiles.h" />
    <ClInclude Include="util\fileutil.h" />
    <ClInclude Include="stdafx.h" />
    <ClInclude Include="targetver.h" />
    <ClInclude Include="util\getopt.h" />
    <ClInclude Include="util\LockZeroBuffer.h" />
    <ClInclude Include="util\pad16.h" />
    <ClInclude Include="util\util.h" />
    <ClInclude Include="util\wintypes.h" />
    <ClInclude Include="util\KeybufManager.h" />
    <ClInclude Include="util\KeyCache.h" />
  </ItemGroup>
</Project>