<?xml version="1.0" encoding="utf-8"?>
<Project ToolsVersion="4.0" xmlns="http://schemas.microsoft.com/developer/msbuild/2003">
  <ItemGroup>
    <Filter Include="Source Files">
      <UniqueIdentifier>{4FC737F1-C7A5-4376-A066-2A32D752A2FF}</UniqueIdentifier>
      <Extensions>cpp;c;cc;cxx;def;odl;idl;hpj;bat;asm;asmx</Extensions>
    </Filter>
    <Filter Include="Header Files">
      <UniqueIdentifier>{93995380-89BD-4b04-88EB-625FBE52EBFB}</UniqueIdentifier>
      <Extensions>h;hh;hpp;hxx;hm;inl;inc;xsd</Extensions>
    </Filter>
    <Filter Include="Resource Files">
      <UniqueIdentifier>{67DA6AB6-F800-4c08-8B7A-83BB121AAD01}</UniqueIdentifier>
      <Extensions>rc;ico;cur;bmp;dlg;rc2;rct;bin;rgs;gif;jpg;jpeg;jpe;resx;tiff;tif;png;wav;mfcribbon-ms</Extensions>
    </Filter>
  </ItemGroup>
  <ItemGroup>
    <ClInclude Include="stdafx.h">
      <Filter>Header Files</Filter>
    </ClInclude>
    <ClInclude Include="targetver.h">
      <Filter>Header Files</Filter>
    </ClInclude>
    <ClInclude Include="util\fileutil.h">
      <Filter>Header Files</Filter>
    </ClInclude>
    <ClInclude Include="util\getopt.h">
      <Filter>Header Files</Filter>
    </ClInclude>
    <ClInclude Include="util\LockZeroBuffer.h">
      <Filter>Header Files</Filter>
    </ClInclude>
    <ClInclude Include="util\pad16.h">
      <Filter>Header Files</Filter>
    </ClInclude>
    <ClInclude Include="util\util.h">
      <Filter>Header Files</Filter>
    </ClInclude>
    <ClInclude Include="crypt\aes-siv\aes256-cmac.h">
      <Filter>Header Files</Filter>
    </ClInclude>
    <ClInclude Include="crypt\aes-siv\aes256-common.h">
      <Filter>Header Files</Filter>
    </ClInclude>
    <ClInclude Include="crypt\aes-siv\aes256-ctr.h">
      <Filter>Header Files</Filter>
    </ClInclude>
    <ClInclude Include="crypt\aes-siv\aes256-siv.h">
      <Filter>Header Files</Filter>
    </ClInclude>
    <ClInclude Include="crypt\aes.h">
      <Filter>Header Files</Filter>
    </ClInclude>
    <ClInclude Include="crypt\crypt.h">
      <Filter>Header Files</Filter>
    </ClInclude>
    <ClInclude Include="crypt\cryptdefs.h">
      <Filter>Header Files</Filter>
    </ClInclude>
    <ClInclude Include="crypt\eme.h">
      <Filter>Header Files</Filter>
    </ClInclude>
    <ClInclude Include="crypt\randombytes.h">
      <Filter>Header Files</Filter>
    </ClInclude>
    <ClInclude Include="crypt\siv.h">
      <Filter>Header Files</Filter>
    </ClInclude>
    <ClInclude Include="filename\casecache.h">
      <Filter>Header Files</Filter>
    </ClInclude>
    <ClInclude Include="filename\cryptfilename.h">
      <Filter>Header Files</Filter>
    </ClInclude>
    <ClInclude Include="filename\dirivcache.h">
      <Filter>Header Files</Filter>
    </ClInclude>
    <ClInclude Include="filename\longfilenamecache.h">
      <Filter>Header Files</Filter>
    </ClInclude>
    <ClInclude Include="file\cryptfile.h">
      <Filter>Header Files</Filter>
    </ClInclude>
    <ClInclude Include="file\cryptio.h">
      <Filter>Header Files</Filter>
    </ClInclude>
    <ClInclude Include="file\iobufferpool.h">
      <Filter>Header Files</Filter>
    </ClInclude>
    <ClInclude Include="config\cryptconfig.h">
      <Filter>Header Files</Filter>
    </ClInclude>
    <ClInclude Include="context\cryptcontext.h">
      <Filter>Header Files</Filter>
    </ClInclude>
    <ClInclude Include="context\FsInfo.h">
      <Filter>Header Files</Filter>
    </ClInclude>
    <ClInclude Include="util\wintypes.h">
      <Filter>Header Files</Filter>
    </ClInclude>
    <ClInclude Include="util\KeybufManager.h">
      <Filter>Header Files</Filter>
    </ClInclude>
  </ItemGroup>
  <ItemGroup>
    <ClCompile Include="stdafx.cpp">
      <Filter>Source Files</Filter>
    </ClCompile>
    <ClCompile Include="util\fileutil.cpp">
      <Filter>Source Files</Filter>
    </ClCompile>
    <ClCompile Include="util\getopt.c">
      <Filter>Source Files</Filter>
    </ClCompile>
    <ClCompile Include="util\pad16.cpp">
      <Filter>Source Files</Filter>
    </ClCompile>
    <ClCompile Include="util\util.cpp">
      <Filter>Source Files</Filter>
    </ClCompile>
    <ClCompile Include="crypt\aes-siv\aes256-cmac.cpp">
      <Filter>Source Files</Filter>
    </ClCompile>
    <ClCompile Include="crypt\aes-siv\aes256-common.cpp">
      <Filter>Source Files</Filter>
    </ClCompile>
    <ClCompile Include="crypt\aes-siv\aes256-ctr.cpp">
      <Filter>Source Files</Filter>
    </ClCompile>
    <ClCompile Include="crypt\aes-siv\aes256-siv.cpp">
      <Filter>Source Files</Filter>
    </ClCompile>
    <ClCompile Include="crypt\aes.cpp">
      <Filter>Source Files</Filter>
    </ClCompile>
    <ClCompile Include="crypt\crypt.cpp">
      <Filter>Source Files</Filter>
    </ClCompile>
    <ClCompile Include="crypt\eme.cpp">
      <Filter>Source Files</Filter>
    </ClCompile>
    <ClCompile Include="crypt\randombytes.cpp">
      <Filter>Source Files</Filter>
    </ClCompile>
    <ClCompile Include="crypt\siv.cpp">
      <Filter>Source Files</Filter>
    </ClCompile>
    <ClCompile Include="filename\casecache.cpp">
      <Filter>Source Files</Filter>
    </ClCompile>
    <ClCompile Include="filename\cryptfilename.cpp">
      <Filter>Source Files</Filter>
    </ClCompile>
    <ClCompile Include="filename\dirivcache.cpp">
      <Filter>Source Files</Filter>
    </ClCompile>
    <ClCompile Include="filename\longfilenamecache.cpp">
      <Filter>Source Files</Filter>
    </ClCompile>
    <ClCompile Include="file\cryptfile.cpp">
      <Filter>Source Files</Filter>
    </ClCompile>
    <ClCompile Include="file\cryptio.cpp">
      <Filter>Source Files</Filter>
    </ClCompile>
    <ClCompile Include="file\iobufferpool.cpp">
      <Filter>Source Files</Filter>
    </ClCompile>
    <ClCompile Include="config\cryptconfig.cpp">
      <Filter>Source Files</Filter>
    </ClCompile>
    <ClCompile Include="context\cryptcontext.cpp">
      <Filter>Source Files</Filter>
    </ClCompile>
    <ClCompile Include="context\FsInfo.cpp">
      <Filter>Source Files</Filter>
    </ClCompile>
    <ClCompile Include="util\KeybufManager.cpp">
      <Filter>Source Files</Filter>
    </ClCompile>
  </ItemGroup>
</Project>